
Microsoft Visual Studio Solution File, Format Version 12.00
# Visual Studio Version 16
VisualStudioVersion = 16.0.31025.194
MinimumVisualStudioVersion = 10.0.40219.1
Project("{9A19103F-16F7-4668-BE54-9A1E7A4F7556}") = "MedicReach", "MedicReach\MedicReach.csproj", "{36A84168-8935-4915-9538-7B4AF23A9002}"
EndProject
Project("{FAE04EC0-301F-11D3-BF4B-00C04F79EFBC}") = "MedicReach.Tests", "MedicReach.Tests\MedicReach.Tests.csproj", "{B67D7556-028C-44EA-BCF5-8867EEBC5191}"
EndProject
Global
	GlobalSection(SolutionConfigurationPlatforms) = preSolution
		Debug|Any CPU = Debug|Any CPU
		Release|Any CPU = Release|Any CPU
	EndGlobalSection
	GlobalSection(ProjectConfigurationPlatforms) = postSolution
		{36A84168-8935-4915-9538-7B4AF23A9002}.Debug|Any CPU.ActiveCfg = Debug|Any CPU
		{36A84168-8935-4915-9538-7B4AF23A9002}.Debug|Any CPU.Build.0 = Debug|Any CPU
		{36A84168-8935-4915-9538-7B4AF23A9002}.Release|Any CPU.ActiveCfg = Release|Any CPU
		{36A84168-8935-4915-9538-7B4AF23A9002}.Release|Any CPU.Build.0 = Release|Any CPU
		{B67D7556-028C-44EA-BCF5-8867EEBC5191}.Debug|Any CPU.ActiveCfg = Debug|Any CPU
		{B67D7556-028C-44EA-BCF5-8867EEBC5191}.Debug|Any CPU.Build.0 = Debug|Any CPU
		{B67D7556-028C-44EA-BCF5-8867EEBC5191}.Release|Any CPU.ActiveCfg = Release|Any CPU
		{B67D7556-028C-44EA-BCF5-8867EEBC5191}.Release|Any CPU.Build.0 = Release|Any CPU
	EndGlobalSection
	GlobalSection(SolutionProperties) = preSolution
		HideSolutionNode = FALSE
	EndGlobalSection
	GlobalSection(ExtensibilityGlobals) = postSolution
		SolutionGuid = {CFEC556B-6E93-449B-9491-A64D05090744}
	EndGlobalSection
EndGlobal
